
Microsoft Visual Studio Solution File, Format Version 12.00
# Visual Studio Version 17
VisualStudioVersion = 17.2.32516.85
MinimumVisualStudioVersion = 10.0.40219.1
Project("{FAE04EC0-301F-11D3-BF4B-00C04F79EFBC}") = "MediaAluno", "MediaAluno\MediaAluno.csproj", "{A6069BE5-F57D-41DE-A94D-B3EF5B61C731}"
EndProject
Global
	GlobalSection(SolutionConfigurationPlatforms) = preSolution
		Debug|Any CPU = Debug|Any CPU
		Release|Any CPU = Release|Any CPU
	EndGlobalSection
	GlobalSection(ProjectConfigurationPlatforms) = postSolution
		{A6069BE5-F57D-41DE-A94D-B3EF5B61C731}.Debug|Any CPU.ActiveCfg = Debug|Any CPU
		{A6069BE5-F57D-41DE-A94D-B3EF5B61C731}.Debug|Any CPU.Build.0 = Debug|Any CPU
		{A6069BE5-F57D-41DE-A94D-B3EF5B61C731}.Release|Any CPU.ActiveCfg = Release|Any CPU
		{A6069BE5-F57D-41DE-A94D-B3EF5B61C731}.Release|Any CPU.Build.0 = Release|Any CPU
	EndGlobalSection
	GlobalSection(SolutionProperties) = preSolution
		HideSolutionNode = FALSE
	EndGlobalSection
	GlobalSection(ExtensibilityGlobals) = postSolution
		SolutionGuid = {68BEA9C8-F90D-4DA8-86D1-288331259A34}
	EndGlobalSection
EndGlobal
